
Microsoft Visual Studio Solution File, Format Version 12.00
# Visual Studio Version 16
VisualStudioVersion = 16.0.30907.101
MinimumVisualStudioVersion = 10.0.40219.1
Project("{2150E333-8FDC-42A3-9474-1A3956D46DE8}") = "0 - Solution Items", "0 - Solution Items", "{3FE2FF70-72FB-412C-ADD4-6049098168DC}"
	ProjectSection(SolutionItems) = preProject
		LICENSE = LICENSE
		README.md = README.md
	EndProjectSection
EndProject
Project("{9A19103F-16F7-4668-BE54-9A1E7A4F7556}") = "ExtensionCore", "src\ExtensionCore\ExtensionCore.csproj", "{3C3B853B-C998-4093-8456-CAB09EE0D491}"
EndProject
Project("{9A19103F-16F7-4668-BE54-9A1E7A4F7556}") = "ExtensionCoreTest", "src\ExtensionCoreTest\ExtensionCoreTest.csproj", "{472AF867-F641-4BE4-910F-B470DEB817D6}"
EndProject
Global
	GlobalSection(SolutionConfigurationPlatforms) = preSolution
		Debug|Any CPU = Debug|Any CPU
		Release|Any CPU = Release|Any CPU
	EndGlobalSection
	GlobalSection(ProjectConfigurationPlatforms) = postSolution
		{3C3B853B-C998-4093-8456-CAB09EE0D491}.Debug|Any CPU.ActiveCfg = Debug|Any CPU
		{3C3B853B-C998-4093-8456-CAB09EE0D491}.Debug|Any CPU.Build.0 = Debug|Any CPU
		{3C3B853B-C998-4093-8456-CAB09EE0D491}.Release|Any CPU.ActiveCfg = Release|Any CPU
		{3C3B853B-C998-4093-8456-CAB09EE0D491}.Release|Any CPU.Build.0 = Release|Any CPU
		{472AF867-F641-4BE4-910F-B470DEB817D6}.Debug|Any CPU.ActiveCfg = Debug|Any CPU
		{472AF867-F641-4BE4-910F-B470DEB817D6}.Debug|Any CPU.Build.0 = Debug|Any CPU
		{472AF867-F641-4BE4-910F-B470DEB817D6}.Release|Any CPU.ActiveCfg = Release|Any CPU
		{472AF867-F641-4BE4-910F-B470DEB817D6}.Release|Any CPU.Build.0 = Release|Any CPU
	EndGlobalSection
	GlobalSection(SolutionProperties) = preSolution
		HideSolutionNode = FALSE
	EndGlobalSection
	GlobalSection(ExtensibilityGlobals) = postSolution
		SolutionGuid = {F2F23703-F892-4368-B48D-7848AEA3913A}
	EndGlobalSection
EndGlobal
