
Microsoft Visual Studio Solution File, Format Version 12.00
# Visual Studio Version 16
VisualStudioVersion = 16.0.30907.101
MinimumVisualStudioVersion = 10.0.40219.1
Project("{2150E333-8FDC-42A3-9474-1A3956D46DE8}") = "0 - Project", "0 - Project", "{88C5CA26-CFF8-4539-980B-B84157A01AB3}"
EndProject
Project("{2150E333-8FDC-42A3-9474-1A3956D46DE8}") = "1 - UnitTest", "1 - UnitTest", "{C50FE376-DCDA-4506-BC9E-01C000C86E4F}"
EndProject
Project("{9A19103F-16F7-4668-BE54-9A1E7A4F7556}") = "ExtensionCore", "src\ExtensionCore\ExtensionCore.csproj", "{F28E8A4B-4CD2-4277-9E6D-09DA18FA63D9}"
EndProject
Project("{9A19103F-16F7-4668-BE54-9A1E7A4F7556}") = "UnitTest", "src\UnitTest\UnitTest.csproj", "{992DD2ED-4E6F-40C3-A070-ECC98B0E365D}"
EndProject
Global
	GlobalSection(SolutionConfigurationPlatforms) = preSolution
		Debug|Any CPU = Debug|Any CPU
		Release|Any CPU = Release|Any CPU
	EndGlobalSection
	GlobalSection(ProjectConfigurationPlatforms) = postSolution
		{F28E8A4B-4CD2-4277-9E6D-09DA18FA63D9}.Debug|Any CPU.ActiveCfg = Debug|Any CPU
		{F28E8A4B-4CD2-4277-9E6D-09DA18FA63D9}.Debug|Any CPU.Build.0 = Debug|Any CPU
		{F28E8A4B-4CD2-4277-9E6D-09DA18FA63D9}.Release|Any CPU.ActiveCfg = Release|Any CPU
		{F28E8A4B-4CD2-4277-9E6D-09DA18FA63D9}.Release|Any CPU.Build.0 = Release|Any CPU
		{992DD2ED-4E6F-40C3-A070-ECC98B0E365D}.Debug|Any CPU.ActiveCfg = Debug|Any CPU
		{992DD2ED-4E6F-40C3-A070-ECC98B0E365D}.Debug|Any CPU.Build.0 = Debug|Any CPU
		{992DD2ED-4E6F-40C3-A070-ECC98B0E365D}.Release|Any CPU.ActiveCfg = Release|Any CPU
		{992DD2ED-4E6F-40C3-A070-ECC98B0E365D}.Release|Any CPU.Build.0 = Release|Any CPU
	EndGlobalSection
	GlobalSection(SolutionProperties) = preSolution
		HideSolutionNode = FALSE
	EndGlobalSection
	GlobalSection(NestedProjects) = preSolution
		{F28E8A4B-4CD2-4277-9E6D-09DA18FA63D9} = {88C5CA26-CFF8-4539-980B-B84157A01AB3}
		{992DD2ED-4E6F-40C3-A070-ECC98B0E365D} = {C50FE376-DCDA-4506-BC9E-01C000C86E4F}
	EndGlobalSection
	GlobalSection(ExtensibilityGlobals) = postSolution
		SolutionGuid = {F2F23703-F892-4368-B48D-7848AEA3913A}
	EndGlobalSection
EndGlobal
