
Microsoft Visual Studio Solution File, Format Version 12.00
# Visual Studio Version 16
VisualStudioVersion = 16.0.30907.101
MinimumVisualStudioVersion = 10.0.40219.1
Project("{2150E333-8FDC-42A3-9474-1A3956D46DE8}") = "0 - Solution Items", "0 - Solution Items", "{3FE2FF70-72FB-412C-ADD4-6049098168DC}"
	ProjectSection(SolutionItems) = preProject
		..\README.md = ..\README.md
	EndProjectSection
EndProject
Project("{2150E333-8FDC-42A3-9474-1A3956D46DE8}") = "0.1 - Documentation", "0.1 - Documentation", "{4DF4084C-3165-4F88-A770-DDA8F2529FD5}"
	ProjectSection(SolutionItems) = preProject
		..\Documentation\BoolExtension.md = ..\Documentation\BoolExtension.md
		..\Documentation\ByteExtension.md = ..\Documentation\ByteExtension.md
		..\Documentation\DateTimeExtension.md = ..\Documentation\DateTimeExtension.md
		..\Documentation\DecimalExtension.md = ..\Documentation\DecimalExtension.md
		..\Documentation\DoubleExtension.md = ..\Documentation\DoubleExtension.md
		..\Documentation\FloatExtension.md = ..\Documentation\FloatExtension.md
		..\Documentation\GuidExtension.md = ..\Documentation\GuidExtension.md
		..\Documentation\IntExtension.md = ..\Documentation\IntExtension.md
		..\Documentation\JsonExtension.md = ..\Documentation\JsonExtension.md
		..\Documentation\LongExtension.md = ..\Documentation\LongExtension.md
		..\Documentation\ObjectExtension.md = ..\Documentation\ObjectExtension.md
		..\Documentation\StreamExtension.md = ..\Documentation\StreamExtension.md
		..\Documentation\StringExtension.md = ..\Documentation\StringExtension.md
		..\Documentation\TimeSpanExtension.md = ..\Documentation\TimeSpanExtension.md
	EndProjectSection
EndProject
Project("{9A19103F-16F7-4668-BE54-9A1E7A4F7556}") = "ExtensionCore", "ExtensionCore\ExtensionCore.csproj", "{8B901803-C5AE-4998-A846-F163BBF71BFB}"
EndProject
Project("{9A19103F-16F7-4668-BE54-9A1E7A4F7556}") = "ExtensionCoreTest", "ExtensionCoreTest\ExtensionCoreTest.csproj", "{079292EC-A86F-42FD-8B0A-6DFED462C9D8}"
EndProject
Project("{2150E333-8FDC-42A3-9474-1A3956D46DE8}") = "0.2 - License", "0.2 - License", "{36227552-B30A-4AE6-8575-D66D422AEEA1}"
	ProjectSection(SolutionItems) = preProject
		..\LICENSE = ..\LICENSE
		..\_Arquivos\license.txt = ..\_Arquivos\license.txt
	EndProjectSection
EndProject
Global
	GlobalSection(SolutionConfigurationPlatforms) = preSolution
		Debug|Any CPU = Debug|Any CPU
		Release|Any CPU = Release|Any CPU
	EndGlobalSection
	GlobalSection(ProjectConfigurationPlatforms) = postSolution
		{8B901803-C5AE-4998-A846-F163BBF71BFB}.Debug|Any CPU.ActiveCfg = Debug|Any CPU
		{8B901803-C5AE-4998-A846-F163BBF71BFB}.Debug|Any CPU.Build.0 = Debug|Any CPU
		{8B901803-C5AE-4998-A846-F163BBF71BFB}.Release|Any CPU.ActiveCfg = Release|Any CPU
		{8B901803-C5AE-4998-A846-F163BBF71BFB}.Release|Any CPU.Build.0 = Release|Any CPU
		{079292EC-A86F-42FD-8B0A-6DFED462C9D8}.Debug|Any CPU.ActiveCfg = Debug|Any CPU
		{079292EC-A86F-42FD-8B0A-6DFED462C9D8}.Debug|Any CPU.Build.0 = Debug|Any CPU
		{079292EC-A86F-42FD-8B0A-6DFED462C9D8}.Release|Any CPU.ActiveCfg = Release|Any CPU
		{079292EC-A86F-42FD-8B0A-6DFED462C9D8}.Release|Any CPU.Build.0 = Release|Any CPU
	EndGlobalSection
	GlobalSection(SolutionProperties) = preSolution
		HideSolutionNode = FALSE
	EndGlobalSection
	GlobalSection(NestedProjects) = preSolution
		{4DF4084C-3165-4F88-A770-DDA8F2529FD5} = {3FE2FF70-72FB-412C-ADD4-6049098168DC}
		{36227552-B30A-4AE6-8575-D66D422AEEA1} = {3FE2FF70-72FB-412C-ADD4-6049098168DC}
	EndGlobalSection
	GlobalSection(ExtensibilityGlobals) = postSolution
		SolutionGuid = {F2F23703-F892-4368-B48D-7848AEA3913A}
	EndGlobalSection
EndGlobal
